
Microsoft Visual Studio Solution File, Format Version 10.00
# Visual Studio 2008
Project("{8BC9CEB8-8B4A-11D0-8D11-00A0C91BC942}") = "ProjectZero", "ProjectZero.vcproj", "{C4D68248-F8BC-4781-AA9D-266D73D2E4B8}"
EndProject
Global
	GlobalSection(SolutionConfigurationPlatforms) = preSolution
		Debug|Win32 = Debug|Win32
		Release|Win32 = Release|Win32
	EndGlobalSection
	GlobalSection(ProjectConfigurationPlatforms) = postSolution
		{C4D68248-F8BC-4781-AA9D-266D73D2E4B8}.Debug|Win32.ActiveCfg = Debug|Win32
		{C4D68248-F8BC-4781-AA9D-266D73D2E4B8}.Debug|Win32.Build.0 = Debug|Win32
		{C4D68248-F8BC-4781-AA9D-266D73D2E4B8}.Release|Win32.ActiveCfg = Release|Win32
		{C4D68248-F8BC-4781-AA9D-266D73D2E4B8}.Release|Win32.Build.0 = Release|Win32
	EndGlobalSection
	GlobalSection(SolutionProperties) = preSolution
		HideSolutionNode = FALSE
	EndGlobalSection
EndGlobal
